
Microsoft Visual Studio Solution File, Format Version 12.00
# Visual Studio Version 16
VisualStudioVersion = 16.0.31105.61
MinimumVisualStudioVersion = 10.0.40219.1
Project("{FAE04EC0-301F-11D3-BF4B-00C04F79EFBC}") = "SignalRLab", "SignalRLab.csproj", "{17A38C16-1343-42EC-95A6-5AEF8721D7C3}"
EndProject
Project("{FAE04EC0-301F-11D3-BF4B-00C04F79EFBC}") = "SignalRClient", "..\SignalRClient\SignalRClient.csproj", "{396611B5-A52B-45B8-8247-48B76C599B85}"
EndProject
Global
	GlobalSection(SolutionConfigurationPlatforms) = preSolution
		Debug|Any CPU = Debug|Any CPU
		Release|Any CPU = Release|Any CPU
	EndGlobalSection
	GlobalSection(ProjectConfigurationPlatforms) = postSolution
		{17A38C16-1343-42EC-95A6-5AEF8721D7C3}.Debug|Any CPU.ActiveCfg = Debug|Any CPU
		{17A38C16-1343-42EC-95A6-5AEF8721D7C3}.Debug|Any CPU.Build.0 = Debug|Any CPU
		{17A38C16-1343-42EC-95A6-5AEF8721D7C3}.Release|Any CPU.ActiveCfg = Release|Any CPU
		{17A38C16-1343-42EC-95A6-5AEF8721D7C3}.Release|Any CPU.Build.0 = Release|Any CPU
		{396611B5-A52B-45B8-8247-48B76C599B85}.Debug|Any CPU.ActiveCfg = Debug|Any CPU
		{396611B5-A52B-45B8-8247-48B76C599B85}.Debug|Any CPU.Build.0 = Debug|Any CPU
		{396611B5-A52B-45B8-8247-48B76C599B85}.Release|Any CPU.ActiveCfg = Release|Any CPU
		{396611B5-A52B-45B8-8247-48B76C599B85}.Release|Any CPU.Build.0 = Release|Any CPU
	EndGlobalSection
	GlobalSection(SolutionProperties) = preSolution
		HideSolutionNode = FALSE
	EndGlobalSection
	GlobalSection(ExtensibilityGlobals) = postSolution
		SolutionGuid = {CC44054F-E984-4D92-8C11-2E832526988C}
	EndGlobalSection
EndGlobal
